
Microsoft Visual Studio Solution File, Format Version 12.00
# Visual Studio Version 17
VisualStudioVersion = 17.0.31912.275
MinimumVisualStudioVersion = 10.0.40219.1
Project("{FAE04EC0-301F-11D3-BF4B-00C04F79EFBC}") = "25-3-2022", "25-3-2022\25-3-2022.csproj", "{C6113A2F-D1F6-4CFA-8EFA-4B5E9677C803}"
EndProject
Global
	GlobalSection(SolutionConfigurationPlatforms) = preSolution
		Debug|Any CPU = Debug|Any CPU
		Release|Any CPU = Release|Any CPU
	EndGlobalSection
	GlobalSection(ProjectConfigurationPlatforms) = postSolution
		{C6113A2F-D1F6-4CFA-8EFA-4B5E9677C803}.Debug|Any CPU.ActiveCfg = Debug|Any CPU
		{C6113A2F-D1F6-4CFA-8EFA-4B5E9677C803}.Debug|Any CPU.Build.0 = Debug|Any CPU
		{C6113A2F-D1F6-4CFA-8EFA-4B5E9677C803}.Release|Any CPU.ActiveCfg = Release|Any CPU
		{C6113A2F-D1F6-4CFA-8EFA-4B5E9677C803}.Release|Any CPU.Build.0 = Release|Any CPU
	EndGlobalSection
	GlobalSection(SolutionProperties) = preSolution
		HideSolutionNode = FALSE
	EndGlobalSection
	GlobalSection(ExtensibilityGlobals) = postSolution
		SolutionGuid = {649FE8B3-CEDE-49E5-BD74-B3BEDC783FC2}
	EndGlobalSection
EndGlobal
